{
  "name": "test_benchmarks",
  "version": "1.0.0",
  "lockfileVersion": 3,
  "requires": true,
  "packages": {
    "": {
      "name": "test_benchmarks",
      "version": "1.0.0",
      "license": "MIT",
      "dependencies": {
        "@local/oas-ls-backend-asm-script": "1.0.0",
        "@local/oas-ls-backend-vanilla": "1.0.0"
      }
    },
    "node_modules/@local/oas-ls-backend-asm-script": {
      "version": "1.0.0",
      "resolved": "http://localhost:4873/@local/oas-ls-backend-asm-script/-/oas-ls-backend-asm-script-1.0.0.tgz"
    },
    "node_modules/@local/oas-ls-backend-vanilla": {
      "version": "1.0.0",
      "resolved": "http://localhost:4873/@local/oas-ls-backend-vanilla/-/oas-ls-backend-vanilla-1.0.0.tgz"
    }
  }
}
