{
  "name": "integration_tests",
  "version": "1.0.0",
  "lockfileVersion": 3,
  "requires": true,
  "packages": {
    "": {
      "name": "integration_tests",
      "version": "1.0.0",
      "license": "MIT"
    },
    "../backend_js": {
      "name": "@ruzito/oas-ls-backend-js",
      "version": "1.0.0",
      "extraneous": true,
      "license": "MIT"
    }
  }
}
